
Microsoft Visual Studio Solution File, Format Version 12.00
# Visual Studio Version 16
VisualStudioVersion = 16.0.28922.388
MinimumVisualStudioVersion = 10.0.40219.1
Project("{FAE04EC0-301F-11D3-BF4B-00C04F79EFBC}") = "App3", "App3\App3.csproj", "{52381C0D-EAAA-42D6-BAE9-66657B9E0A21}"
EndProject
Project("{FAE04EC0-301F-11D3-BF4B-00C04F79EFBC}") = "App2", "App2\App2.csproj", "{07272096-7498-4F50-B9FC-AA5202BDA99D}"
EndProject
Project("{9A19103F-16F7-4668-BE54-9A1E7A4F7556}") = "Api", "D:\Kuba Projekty\GoogleSynchronizer\GoogleSynchronize\Api\Api.csproj", "{F70EA492-A4FE-4AE5-BCE8-CDC5EBF7EFEE}"
EndProject
Project("{FAE04EC0-301F-11D3-BF4B-00C04F79EFBC}") = "GoogleSynch", "GoogleSynch\GoogleSynch.csproj", "{ADEA5BED-B5DE-4030-B66F-510EF2C6FCCE}"
EndProject
Global
	GlobalSection(SolutionConfigurationPlatforms) = preSolution
		Debug|Any CPU = Debug|Any CPU
		Release|Any CPU = Release|Any CPU
	EndGlobalSection
	GlobalSection(ProjectConfigurationPlatforms) = postSolution
		{52381C0D-EAAA-42D6-BAE9-66657B9E0A21}.Debug|Any CPU.ActiveCfg = Debug|Any CPU
		{52381C0D-EAAA-42D6-BAE9-66657B9E0A21}.Debug|Any CPU.Build.0 = Debug|Any CPU
		{52381C0D-EAAA-42D6-BAE9-66657B9E0A21}.Debug|Any CPU.Deploy.0 = Debug|Any CPU
		{52381C0D-EAAA-42D6-BAE9-66657B9E0A21}.Release|Any CPU.ActiveCfg = Release|Any CPU
		{52381C0D-EAAA-42D6-BAE9-66657B9E0A21}.Release|Any CPU.Build.0 = Release|Any CPU
		{52381C0D-EAAA-42D6-BAE9-66657B9E0A21}.Release|Any CPU.Deploy.0 = Release|Any CPU
		{07272096-7498-4F50-B9FC-AA5202BDA99D}.Debug|Any CPU.ActiveCfg = Debug|Any CPU
		{07272096-7498-4F50-B9FC-AA5202BDA99D}.Debug|Any CPU.Build.0 = Debug|Any CPU
		{07272096-7498-4F50-B9FC-AA5202BDA99D}.Debug|Any CPU.Deploy.0 = Debug|Any CPU
		{07272096-7498-4F50-B9FC-AA5202BDA99D}.Release|Any CPU.ActiveCfg = Release|Any CPU
		{07272096-7498-4F50-B9FC-AA5202BDA99D}.Release|Any CPU.Build.0 = Release|Any CPU
		{07272096-7498-4F50-B9FC-AA5202BDA99D}.Release|Any CPU.Deploy.0 = Release|Any CPU
		{F70EA492-A4FE-4AE5-BCE8-CDC5EBF7EFEE}.Debug|Any CPU.ActiveCfg = Debug|Any CPU
		{F70EA492-A4FE-4AE5-BCE8-CDC5EBF7EFEE}.Debug|Any CPU.Build.0 = Debug|Any CPU
		{F70EA492-A4FE-4AE5-BCE8-CDC5EBF7EFEE}.Release|Any CPU.ActiveCfg = Release|Any CPU
		{F70EA492-A4FE-4AE5-BCE8-CDC5EBF7EFEE}.Release|Any CPU.Build.0 = Release|Any CPU
		{ADEA5BED-B5DE-4030-B66F-510EF2C6FCCE}.Debug|Any CPU.ActiveCfg = Debug|Any CPU
		{ADEA5BED-B5DE-4030-B66F-510EF2C6FCCE}.Debug|Any CPU.Build.0 = Debug|Any CPU
		{ADEA5BED-B5DE-4030-B66F-510EF2C6FCCE}.Release|Any CPU.ActiveCfg = Release|Any CPU
		{ADEA5BED-B5DE-4030-B66F-510EF2C6FCCE}.Release|Any CPU.Build.0 = Release|Any CPU
	EndGlobalSection
	GlobalSection(SolutionProperties) = preSolution
		HideSolutionNode = FALSE
	EndGlobalSection
	GlobalSection(ExtensibilityGlobals) = postSolution
		SolutionGuid = {A62C3F88-0E36-49BD-88C5-C565647EB0FD}
	EndGlobalSection
EndGlobal
